
Microsoft Visual Studio Solution File, Format Version 12.00
# Visual Studio Version 17
VisualStudioVersion = 17.1.32210.238
MinimumVisualStudioVersion = 10.0.40219.1
Project("{FAE04EC0-301F-11D3-BF4B-00C04F79EFBC}") = "FSXController", "FSXController\FSXController.csproj", "{9E08A924-E44D-4EA4-8F2E-36F7818F5E58}"
EndProject
Project("{FAE04EC0-301F-11D3-BF4B-00C04F79EFBC}") = "AircraftDataCollector", "AircraftDataCollector\AircraftDataCollector.csproj", "{FC93B7B8-3202-4F51-8217-857519868DE7}"
EndProject
Project("{FAE04EC0-301F-11D3-BF4B-00C04F79EFBC}") = "FSXControl", "FSXControl\FSXControl.csproj", "{8559962B-6C46-4DF7-9A5B-7EB03115BE6A}"
EndProject
Global
	GlobalSection(SolutionConfigurationPlatforms) = preSolution
		Debug|Any CPU = Debug|Any CPU
		Release|Any CPU = Release|Any CPU
	EndGlobalSection
	GlobalSection(ProjectConfigurationPlatforms) = postSolution
		{9E08A924-E44D-4EA4-8F2E-36F7818F5E58}.Debug|Any CPU.ActiveCfg = Debug|Any CPU
		{9E08A924-E44D-4EA4-8F2E-36F7818F5E58}.Debug|Any CPU.Build.0 = Debug|Any CPU
		{9E08A924-E44D-4EA4-8F2E-36F7818F5E58}.Release|Any CPU.ActiveCfg = Release|Any CPU
		{9E08A924-E44D-4EA4-8F2E-36F7818F5E58}.Release|Any CPU.Build.0 = Release|Any CPU
		{FC93B7B8-3202-4F51-8217-857519868DE7}.Debug|Any CPU.ActiveCfg = Debug|Any CPU
		{FC93B7B8-3202-4F51-8217-857519868DE7}.Debug|Any CPU.Build.0 = Debug|Any CPU
		{FC93B7B8-3202-4F51-8217-857519868DE7}.Release|Any CPU.ActiveCfg = Release|Any CPU
		{FC93B7B8-3202-4F51-8217-857519868DE7}.Release|Any CPU.Build.0 = Release|Any CPU
		{8559962B-6C46-4DF7-9A5B-7EB03115BE6A}.Debug|Any CPU.ActiveCfg = Debug|Any CPU
		{8559962B-6C46-4DF7-9A5B-7EB03115BE6A}.Debug|Any CPU.Build.0 = Debug|Any CPU
		{8559962B-6C46-4DF7-9A5B-7EB03115BE6A}.Release|Any CPU.ActiveCfg = Release|Any CPU
		{8559962B-6C46-4DF7-9A5B-7EB03115BE6A}.Release|Any CPU.Build.0 = Release|Any CPU
	EndGlobalSection
	GlobalSection(SolutionProperties) = preSolution
		HideSolutionNode = FALSE
	EndGlobalSection
	GlobalSection(ExtensibilityGlobals) = postSolution
		SolutionGuid = {7CEB73E7-341C-4AEB-B429-DF860E64802F}
	EndGlobalSection
EndGlobal
